
Microsoft Visual Studio Solution File, Format Version 12.00
# Visual Studio 15
VisualStudioVersion = 15.0.28307.489
MinimumVisualStudioVersion = 10.0.40219.1
Project("{FAE04EC0-301F-11D3-BF4B-00C04F79EFBC}") = "testapi", "testapi\testapi.csproj", "{A330A1E2-13B7-4F80-9E9B-9C7825F0C469}"
EndProject
Global
	GlobalSection(SolutionConfigurationPlatforms) = preSolution
		Debug|Any CPU = Debug|Any CPU
		Release|Any CPU = Release|Any CPU
	EndGlobalSection
	GlobalSection(ProjectConfigurationPlatforms) = postSolution
		{A330A1E2-13B7-4F80-9E9B-9C7825F0C469}.Debug|Any CPU.ActiveCfg = Debug|Any CPU
		{A330A1E2-13B7-4F80-9E9B-9C7825F0C469}.Debug|Any CPU.Build.0 = Debug|Any CPU
		{A330A1E2-13B7-4F80-9E9B-9C7825F0C469}.Release|Any CPU.ActiveCfg = Release|Any CPU
		{A330A1E2-13B7-4F80-9E9B-9C7825F0C469}.Release|Any CPU.Build.0 = Release|Any CPU
	EndGlobalSection
	GlobalSection(SolutionProperties) = preSolution
		HideSolutionNode = FALSE
	EndGlobalSection
	GlobalSection(ExtensibilityGlobals) = postSolution
		SolutionGuid = {F67FC174-32BE-42A8-ABAA-C011FF9BE2F3}
	EndGlobalSection
EndGlobal
